
Microsoft Visual Studio Solution File, Format Version 12.00
# Visual Studio 2012
Project("{FAE04EC0-301F-11D3-BF4B-00C04F79EFBC}") = "DocsPal", "DocsPal\DocsPal.csproj", "{CF2D912E-2E35-41ED-97A9-5BAC843EF1ED}"
EndProject
Project("{FAE04EC0-301F-11D3-BF4B-00C04F79EFBC}") = "License", "License\License.csproj", "{24744ADB-45D3-4CBA-9C9C-F14E92104982}"
EndProject
Project("{FAE04EC0-301F-11D3-BF4B-00C04F79EFBC}") = "PrjLicenseFileCreater", "PrjLicenseFileCreater\PrjLicenseFileCreater.csproj", "{D499A5E8-6B17-4F50-8CFF-8654555D15B9}"
EndProject
Global
	GlobalSection(SolutionConfigurationPlatforms) = preSolution
		Debug|Any CPU = Debug|Any CPU
		Release|Any CPU = Release|Any CPU
	EndGlobalSection
	GlobalSection(ProjectConfigurationPlatforms) = postSolution
		{CF2D912E-2E35-41ED-97A9-5BAC843EF1ED}.Debug|Any CPU.ActiveCfg = Debug|Any CPU
		{CF2D912E-2E35-41ED-97A9-5BAC843EF1ED}.Debug|Any CPU.Build.0 = Debug|Any CPU
		{CF2D912E-2E35-41ED-97A9-5BAC843EF1ED}.Release|Any CPU.ActiveCfg = Release|Any CPU
		{CF2D912E-2E35-41ED-97A9-5BAC843EF1ED}.Release|Any CPU.Build.0 = Release|Any CPU
		{24744ADB-45D3-4CBA-9C9C-F14E92104982}.Debug|Any CPU.ActiveCfg = Debug|Any CPU
		{24744ADB-45D3-4CBA-9C9C-F14E92104982}.Debug|Any CPU.Build.0 = Debug|Any CPU
		{24744ADB-45D3-4CBA-9C9C-F14E92104982}.Release|Any CPU.ActiveCfg = Release|Any CPU
		{24744ADB-45D3-4CBA-9C9C-F14E92104982}.Release|Any CPU.Build.0 = Release|Any CPU
		{D499A5E8-6B17-4F50-8CFF-8654555D15B9}.Debug|Any CPU.ActiveCfg = Debug|Any CPU
		{D499A5E8-6B17-4F50-8CFF-8654555D15B9}.Debug|Any CPU.Build.0 = Debug|Any CPU
		{D499A5E8-6B17-4F50-8CFF-8654555D15B9}.Release|Any CPU.ActiveCfg = Release|Any CPU
		{D499A5E8-6B17-4F50-8CFF-8654555D15B9}.Release|Any CPU.Build.0 = Release|Any CPU
	EndGlobalSection
	GlobalSection(SolutionProperties) = preSolution
		HideSolutionNode = FALSE
	EndGlobalSection
EndGlobal
